
Microsoft Visual Studio Solution File, Format Version 12.00
# Visual Studio Version 17
VisualStudioVersion = 17.0.31903.59
MinimumVisualStudioVersion = 10.0.40219.1
Project("{FAE04EC0-301F-11D3-BF4B-00C04F79EFBC}") = "SemanticSearch.Core", "src\SemanticSearch.Core\SemanticSearch.Core.csproj", "{A1B2C3D4-0003-0003-0003-000000000003}"
EndProject
Project("{FAE04EC0-301F-11D3-BF4B-00C04F79EFBC}") = "SemanticSearch.McpServer", "src\SemanticSearch.McpServer\SemanticSearch.McpServer.csproj", "{A1B2C3D4-0004-0004-0004-000000000004}"
EndProject
Project("{2150E333-8FDC-42A3-9474-1A3956D46DE8}") = "src", "src", "{827E0CD3-B72D-47B6-A68D-7590B98EB39B}"
EndProject
Project("{FAE04EC0-301F-11D3-BF4B-00C04F79EFBC}") = "SemanticSearch.Functions.Upload", "src\SemanticSearch.Functions.Upload\SemanticSearch.Functions.Upload.csproj", "{559F9901-4F72-4727-A233-A5A4B58657DC}"
EndProject
Project("{2150E333-8FDC-42A3-9474-1A3956D46DE8}") = "tests", "tests", "{0AB3BF05-4346-4AA6-1389-037BE0695223}"
EndProject
Project("{FAE04EC0-301F-11D3-BF4B-00C04F79EFBC}") = "SemanticSearch.Functions.Upload.Tests", "tests\SemanticSearch.Functions.Upload.Tests\SemanticSearch.Functions.Upload.Tests.csproj", "{70DAC20C-2425-4C93-B55E-5165F7B03DDC}"
EndProject
Global
	GlobalSection(SolutionConfigurationPlatforms) = preSolution
		Debug|Any CPU = Debug|Any CPU
		Debug|x64 = Debug|x64
		Debug|x86 = Debug|x86
		Release|Any CPU = Release|Any CPU
		Release|x64 = Release|x64
		Release|x86 = Release|x86
	EndGlobalSection
	GlobalSection(ProjectConfigurationPlatforms) = postSolution
		{A1B2C3D4-0003-0003-0003-000000000003}.Debug|Any CPU.ActiveCfg = Debug|Any CPU
		{A1B2C3D4-0003-0003-0003-000000000003}.Debug|Any CPU.Build.0 = Debug|Any CPU
		{A1B2C3D4-0003-0003-0003-000000000003}.Debug|x64.ActiveCfg = Debug|Any CPU
		{A1B2C3D4-0003-0003-0003-000000000003}.Debug|x64.Build.0 = Debug|Any CPU
		{A1B2C3D4-0003-0003-0003-000000000003}.Debug|x86.ActiveCfg = Debug|Any CPU
		{A1B2C3D4-0003-0003-0003-000000000003}.Debug|x86.Build.0 = Debug|Any CPU
		{A1B2C3D4-0003-0003-0003-000000000003}.Release|Any CPU.ActiveCfg = Release|Any CPU
		{A1B2C3D4-0003-0003-0003-000000000003}.Release|Any CPU.Build.0 = Release|Any CPU
		{A1B2C3D4-0003-0003-0003-000000000003}.Release|x64.ActiveCfg = Release|Any CPU
		{A1B2C3D4-0003-0003-0003-000000000003}.Release|x64.Build.0 = Release|Any CPU
		{A1B2C3D4-0003-0003-0003-000000000003}.Release|x86.ActiveCfg = Release|Any CPU
		{A1B2C3D4-0003-0003-0003-000000000003}.Release|x86.Build.0 = Release|Any CPU
		{A1B2C3D4-0004-0004-0004-000000000004}.Debug|Any CPU.ActiveCfg = Debug|Any CPU
		{A1B2C3D4-0004-0004-0004-000000000004}.Debug|Any CPU.Build.0 = Debug|Any CPU
		{A1B2C3D4-0004-0004-0004-000000000004}.Debug|x64.ActiveCfg = Debug|Any CPU
		{A1B2C3D4-0004-0004-0004-000000000004}.Debug|x64.Build.0 = Debug|Any CPU
		{A1B2C3D4-0004-0004-0004-000000000004}.Debug|x86.ActiveCfg = Debug|Any CPU
		{A1B2C3D4-0004-0004-0004-000000000004}.Debug|x86.Build.0 = Debug|Any CPU
		{A1B2C3D4-0004-0004-0004-000000000004}.Release|Any CPU.ActiveCfg = Release|Any CPU
		{A1B2C3D4-0004-0004-0004-000000000004}.Release|Any CPU.Build.0 = Release|Any CPU
		{A1B2C3D4-0004-0004-0004-000000000004}.Release|x64.ActiveCfg = Release|Any CPU
		{A1B2C3D4-0004-0004-0004-000000000004}.Release|x64.Build.0 = Release|Any CPU
		{A1B2C3D4-0004-0004-0004-000000000004}.Release|x86.ActiveCfg = Release|Any CPU
		{A1B2C3D4-0004-0004-0004-000000000004}.Release|x86.Build.0 = Release|Any CPU
		{559F9901-4F72-4727-A233-A5A4B58657DC}.Debug|Any CPU.ActiveCfg = Debug|Any CPU
		{559F9901-4F72-4727-A233-A5A4B58657DC}.Debug|Any CPU.Build.0 = Debug|Any CPU
		{559F9901-4F72-4727-A233-A5A4B58657DC}.Debug|x64.ActiveCfg = Debug|Any CPU
		{559F9901-4F72-4727-A233-A5A4B58657DC}.Debug|x64.Build.0 = Debug|Any CPU
		{559F9901-4F72-4727-A233-A5A4B58657DC}.Debug|x86.ActiveCfg = Debug|Any CPU
		{559F9901-4F72-4727-A233-A5A4B58657DC}.Debug|x86.Build.0 = Debug|Any CPU
		{559F9901-4F72-4727-A233-A5A4B58657DC}.Release|Any CPU.ActiveCfg = Release|Any CPU
		{559F9901-4F72-4727-A233-A5A4B58657DC}.Release|Any CPU.Build.0 = Release|Any CPU
		{559F9901-4F72-4727-A233-A5A4B58657DC}.Release|x64.ActiveCfg = Release|Any CPU
		{559F9901-4F72-4727-A233-A5A4B58657DC}.Release|x64.Build.0 = Release|Any CPU
		{559F9901-4F72-4727-A233-A5A4B58657DC}.Release|x86.ActiveCfg = Release|Any CPU
		{559F9901-4F72-4727-A233-A5A4B58657DC}.Release|x86.Build.0 = Release|Any CPU
		{70DAC20C-2425-4C93-B55E-5165F7B03DDC}.Debug|Any CPU.ActiveCfg = Debug|Any CPU
		{70DAC20C-2425-4C93-B55E-5165F7B03DDC}.Debug|Any CPU.Build.0 = Debug|Any CPU
		{70DAC20C-2425-4C93-B55E-5165F7B03DDC}.Debug|x64.ActiveCfg = Debug|Any CPU
		{70DAC20C-2425-4C93-B55E-5165F7B03DDC}.Debug|x64.Build.0 = Debug|Any CPU
		{70DAC20C-2425-4C93-B55E-5165F7B03DDC}.Debug|x86.ActiveCfg = Debug|Any CPU
		{70DAC20C-2425-4C93-B55E-5165F7B03DDC}.Debug|x86.Build.0 = Debug|Any CPU
		{70DAC20C-2425-4C93-B55E-5165F7B03DDC}.Release|Any CPU.ActiveCfg = Release|Any CPU
		{70DAC20C-2425-4C93-B55E-5165F7B03DDC}.Release|Any CPU.Build.0 = Release|Any CPU
		{70DAC20C-2425-4C93-B55E-5165F7B03DDC}.Release|x64.ActiveCfg = Release|Any CPU
		{70DAC20C-2425-4C93-B55E-5165F7B03DDC}.Release|x64.Build.0 = Release|Any CPU
		{70DAC20C-2425-4C93-B55E-5165F7B03DDC}.Release|x86.ActiveCfg = Release|Any CPU
		{70DAC20C-2425-4C93-B55E-5165F7B03DDC}.Release|x86.Build.0 = Release|Any CPU
	EndGlobalSection
	GlobalSection(SolutionProperties) = preSolution
		HideSolutionNode = FALSE
	EndGlobalSection
	GlobalSection(NestedProjects) = preSolution
		{559F9901-4F72-4727-A233-A5A4B58657DC} = {827E0CD3-B72D-47B6-A68D-7590B98EB39B}
		{70DAC20C-2425-4C93-B55E-5165F7B03DDC} = {0AB3BF05-4346-4AA6-1389-037BE0695223}
	EndGlobalSection
EndGlobal
